
Microsoft Visual Studio Solution File, Format Version 12.00
# Visual Studio Version 17
VisualStudioVersion = 17.0.31903.59
MinimumVisualStudioVersion = 10.0.40219.1
Project("{2150E333-8FDC-42A3-9474-1A3956D46DE8}") = "src", "src", "{E2143E40-E54B-4046-AAD5-308D2607DC75}"
EndProject
Project("{FAE04EC0-301F-11D3-BF4B-00C04F79EFBC}") = "Traceability", "src\Traceability\Traceability.csproj", "{102BD203-9BFF-4FBD-8420-1BA024D594A0}"
EndProject
Project("{2150E333-8FDC-42A3-9474-1A3956D46DE8}") = "tests", "tests", "{0CABECFD-F46F-406D-AEE1-50EDE1FCEE96}"
EndProject
Project("{FAE04EC0-301F-11D3-BF4B-00C04F79EFBC}") = "Traceability.Tests", "tests\Traceability.Tests\Traceability.Tests.csproj", "{063158F6-3A85-49D3-9096-178CB3B384D6}"
EndProject
Global
	GlobalSection(SolutionConfigurationPlatforms) = preSolution
		Debug|Any CPU = Debug|Any CPU
		Release|Any CPU = Release|Any CPU
	EndGlobalSection
	GlobalSection(SolutionProperties) = preSolution
		HideSolutionNode = FALSE
	EndGlobalSection
	GlobalSection(ProjectConfigurationPlatforms) = postSolution
		{102BD203-9BFF-4FBD-8420-1BA024D594A0}.Debug|Any CPU.ActiveCfg = Debug|Any CPU
		{102BD203-9BFF-4FBD-8420-1BA024D594A0}.Debug|Any CPU.Build.0 = Debug|Any CPU
		{102BD203-9BFF-4FBD-8420-1BA024D594A0}.Release|Any CPU.ActiveCfg = Release|Any CPU
		{102BD203-9BFF-4FBD-8420-1BA024D594A0}.Release|Any CPU.Build.0 = Release|Any CPU
		{063158F6-3A85-49D3-9096-178CB3B384D6}.Debug|Any CPU.ActiveCfg = Debug|Any CPU
		{063158F6-3A85-49D3-9096-178CB3B384D6}.Debug|Any CPU.Build.0 = Debug|Any CPU
		{063158F6-3A85-49D3-9096-178CB3B384D6}.Release|Any CPU.ActiveCfg = Release|Any CPU
		{063158F6-3A85-49D3-9096-178CB3B384D6}.Release|Any CPU.Build.0 = Release|Any CPU
	EndGlobalSection
	GlobalSection(NestedProjects) = preSolution
		{102BD203-9BFF-4FBD-8420-1BA024D594A0} = {E2143E40-E54B-4046-AAD5-308D2607DC75}
		{063158F6-3A85-49D3-9096-178CB3B384D6} = {0CABECFD-F46F-406D-AEE1-50EDE1FCEE96}
	EndGlobalSection
EndGlobal
